
Microsoft Visual Studio Solution File, Format Version 11.00
# Visual Basic Express 2010
Project("{F184B08F-C81C-45F6-A57F-5ABD9991F28F}") = "App_Refuerzo_Fernandez_Antoni", "App_Refuerzo_Fernandez_Antoni\App_Refuerzo_Fernandez_Antoni.vbproj", "{3EA67B5B-6738-4476-83C8-6857F6FD32D8}"
EndProject
Global
	GlobalSection(SolutionConfigurationPlatforms) = preSolution
		Debug|x86 = Debug|x86
		Release|x86 = Release|x86
	EndGlobalSection
	GlobalSection(ProjectConfigurationPlatforms) = postSolution
		{3EA67B5B-6738-4476-83C8-6857F6FD32D8}.Debug|x86.ActiveCfg = Debug|x86
		{3EA67B5B-6738-4476-83C8-6857F6FD32D8}.Debug|x86.Build.0 = Debug|x86
		{3EA67B5B-6738-4476-83C8-6857F6FD32D8}.Release|x86.ActiveCfg = Release|x86
		{3EA67B5B-6738-4476-83C8-6857F6FD32D8}.Release|x86.Build.0 = Release|x86
	EndGlobalSection
	GlobalSection(SolutionProperties) = preSolution
		HideSolutionNode = FALSE
	EndGlobalSection
EndGlobal
