
Microsoft Visual Studio Solution File, Format Version 11.00
# Visual Basic Express 2010
Project("{F184B08F-C81C-45F6-A57F-5ABD9991F28F}") = "App11_Fernandez", "App11_Fernandez\App11_Fernandez.vbproj", "{7820C7A2-4850-44CB-94B5-8BD6FCE7F22C}"
EndProject
Global
	GlobalSection(SolutionConfigurationPlatforms) = preSolution
		Debug|x86 = Debug|x86
		Release|x86 = Release|x86
	EndGlobalSection
	GlobalSection(ProjectConfigurationPlatforms) = postSolution
		{7820C7A2-4850-44CB-94B5-8BD6FCE7F22C}.Debug|x86.ActiveCfg = Debug|x86
		{7820C7A2-4850-44CB-94B5-8BD6FCE7F22C}.Debug|x86.Build.0 = Debug|x86
		{7820C7A2-4850-44CB-94B5-8BD6FCE7F22C}.Release|x86.ActiveCfg = Release|x86
		{7820C7A2-4850-44CB-94B5-8BD6FCE7F22C}.Release|x86.Build.0 = Release|x86
	EndGlobalSection
	GlobalSection(SolutionProperties) = preSolution
		HideSolutionNode = FALSE
	EndGlobalSection
EndGlobal
