
Microsoft Visual Studio Solution File, Format Version 11.00
# Visual Basic Express 2010
Project("{F184B08F-C81C-45F6-A57F-5ABD9991F28F}") = "App18_Fernandez_Antoni_dias_de_las_semana", "App18_Fernandez_Antoni_dias_de_las_semana\App18_Fernandez_Antoni_dias_de_las_semana.vbproj", "{3E6BCB94-4F91-4477-8905-2769B4FDB786}"
EndProject
Global
	GlobalSection(SolutionConfigurationPlatforms) = preSolution
		Debug|x86 = Debug|x86
		Release|x86 = Release|x86
	EndGlobalSection
	GlobalSection(ProjectConfigurationPlatforms) = postSolution
		{3E6BCB94-4F91-4477-8905-2769B4FDB786}.Debug|x86.ActiveCfg = Debug|x86
		{3E6BCB94-4F91-4477-8905-2769B4FDB786}.Debug|x86.Build.0 = Debug|x86
		{3E6BCB94-4F91-4477-8905-2769B4FDB786}.Release|x86.ActiveCfg = Release|x86
		{3E6BCB94-4F91-4477-8905-2769B4FDB786}.Release|x86.Build.0 = Release|x86
	EndGlobalSection
	GlobalSection(SolutionProperties) = preSolution
		HideSolutionNode = FALSE
	EndGlobalSection
EndGlobal
